{
  "name": "mexc-grid-bot",
  "version": "1.0.0",
  "lockfileVersion": 3,
  "requires": true,
  "packages": {
    "": {
      "name": "mexc-grid-bot",
      "version": "1.0.0",
      "license": "ISC",
      "dependencies": {
        "dotenv": "^17.3.1",
        "mexc-sdk": "github:mrmikeo/mexc-api-sdk"
      }
    },
    "node_modules/dotenv": {
      "version": "17.3.1",
      "resolved": "https://registry.npmjs.org/dotenv/-/dotenv-17.3.1.tgz",
      "integrity": "sha512-IO8C/dzEb6O3F9/twg6ZLXz164a2fhTnEWb95H23Dm4OuN+92NmEAlTrupP9VW6Jm3sO26tQlqyvyi4CsnY9GA==",
      "license": "BSD-2-Clause",
      "engines": {
        "node": ">=12"
      },
      "funding": {
        "url": "https://dotenvx.com"
      }
    },
    "node_modules/mexc-sdk": {
      "version": "1.0.0",
      "resolved": "git+ssh://git@github.com/mrmikeo/mexc-api-sdk.git#f677066b3eae509a6f5bd13a210d8736d2c9580d",
      "bundleDependencies": [
        "sync-request",
        "@types/node"
      ],
      "license": "ISC",
      "dependencies": {
        "@types/node": "^16.11.10",
        "sync-request": "6.1.0"
      }
    },
    "node_modules/mexc-sdk/node_modules/@types/concat-stream": {
      "version": "1.6.1",
      "inBundle": true,
      "license": "MIT",
      "dependencies": {
        "@types/node": "*"
      }
    },
    "node_modules/mexc-sdk/node_modules/@types/form-data": {
      "version": "0.0.33",
      "inBundle": true,
      "license": "MIT",
      "dependencies": {
        "@types/node": "*"
      }
    },
    "node_modules/mexc-sdk/node_modules/@types/node": {
      "version": "16.18.126",
      "inBundle": true,
      "license": "MIT"
    },
    "node_modules/mexc-sdk/node_modules/@types/qs": {
      "version": "6.15.0",
      "inBundle": true,
      "license": "MIT"
    },
    "node_modules/mexc-sdk/node_modules/asap": {
      "version": "2.0.6",
      "inBundle": true,
      "license": "MIT"
    },
    "node_modules/mexc-sdk/node_modules/asynckit": {
      "version": "0.4.0",
      "inBundle": true,
      "license": "MIT"
    },
    "node_modules/mexc-sdk/node_modules/buffer-from": {
      "version": "1.1.2",
      "inBundle": true,
      "license": "MIT"
    },
    "node_modules/mexc-sdk/node_modules/call-bind-apply-helpers": {
      "version": "1.0.2",
      "inBundle": true,
      "license": "MIT",
      "dependencies": {
        "es-errors": "^1.3.0",
        "function-bind": "^1.1.2"
      },
      "engines": {
        "node": ">= 0.4"
      }
    },
    "node_modules/mexc-sdk/node_modules/call-bound": {
      "version": "1.0.4",
      "inBundle": true,
      "license": "MIT",
      "dependencies": {
        "call-bind-apply-helpers": "^1.0.2",
        "get-intrinsic": "^1.3.0"
      },
      "engines": {
        "node": ">= 0.4"
      },
      "funding": {
        "url": "https://github.com/sponsors/ljharb"
      }
    },
    "node_modules/mexc-sdk/node_modules/caseless": {
      "version": "0.12.0",
      "inBundle": true,
      "license": "Apache-2.0"
    },
    "node_modules/mexc-sdk/node_modules/combined-stream": {
      "version": "1.0.8",
      "inBundle": true,
      "license": "MIT",
      "dependencies": {
        "delayed-stream": "~1.0.0"
      },
      "engines": {
        "node": ">= 0.8"
      }
    },
    "node_modules/mexc-sdk/node_modules/concat-stream": {
      "version": "1.6.2",
      "engines": [
        "node >= 0.8"
      ],
      "inBundle": true,
      "license": "MIT",
      "dependencies": {
        "buffer-from": "^1.0.0",
        "inherits": "^2.0.3",
        "readable-stream": "^2.2.2",
        "typedarray": "^0.0.6"
      }
    },
    "node_modules/mexc-sdk/node_modules/core-util-is": {
      "version": "1.0.3",
      "inBundle": true,
      "license": "MIT"
    },
    "node_modules/mexc-sdk/node_modules/delayed-stream": {
      "version": "1.0.0",
      "inBundle": true,
      "license": "MIT",
      "engines": {
        "node": ">=0.4.0"
      }
    },
    "node_modules/mexc-sdk/node_modules/dunder-proto": {
      "version": "1.0.1",
      "inBundle": true,
      "license": "MIT",
      "dependencies": {
        "call-bind-apply-helpers": "^1.0.1",
        "es-errors": "^1.3.0",
        "gopd": "^1.2.0"
      },
      "engines": {
        "node": ">= 0.4"
      }
    },
    "node_modules/mexc-sdk/node_modules/es-define-property": {
      "version": "1.0.1",
      "inBundle": true,
      "license": "MIT",
      "engines": {
        "node": ">= 0.4"
      }
    },
    "node_modules/mexc-sdk/node_modules/es-errors": {
      "version": "1.3.0",
      "inBundle": true,
      "license": "MIT",
      "engines": {
        "node": ">= 0.4"
      }
    },
    "node_modules/mexc-sdk/node_modules/es-object-atoms": {
      "version": "1.1.1",
      "inBundle": true,
      "license": "MIT",
      "dependencies": {
        "es-errors": "^1.3.0"
      },
      "engines": {
        "node": ">= 0.4"
      }
    },
    "node_modules/mexc-sdk/node_modules/es-set-tostringtag": {
      "version": "2.1.0",
      "inBundle": true,
      "license": "MIT",
      "dependencies": {
        "es-errors": "^1.3.0",
        "get-intrinsic": "^1.2.6",
        "has-tostringtag": "^1.0.2",
        "hasown": "^2.0.2"
      },
      "engines": {
        "node": ">= 0.4"
      }
    },
    "node_modules/mexc-sdk/node_modules/form-data": {
      "version": "2.5.5",
      "inBundle": true,
      "license": "MIT",
      "dependencies": {
        "asynckit": "^0.4.0",
        "combined-stream": "^1.0.8",
        "es-set-tostringtag": "^2.1.0",
        "hasown": "^2.0.2",
        "mime-types": "^2.1.35",
        "safe-buffer": "^5.2.1"
      },
      "engines": {
        "node": ">= 0.12"
      }
    },
    "node_modules/mexc-sdk/node_modules/function-bind": {
      "version": "1.1.2",
      "inBundle": true,
      "license": "MIT",
      "funding": {
        "url": "https://github.com/sponsors/ljharb"
      }
    },
    "node_modules/mexc-sdk/node_modules/get-intrinsic": {
      "version": "1.3.0",
      "inBundle": true,
      "license": "MIT",
      "dependencies": {
        "call-bind-apply-helpers": "^1.0.2",
        "es-define-property": "^1.0.1",
        "es-errors": "^1.3.0",
        "es-object-atoms": "^1.1.1",
        "function-bind": "^1.1.2",
        "get-proto": "^1.0.1",
        "gopd": "^1.2.0",
        "has-symbols": "^1.1.0",
        "hasown": "^2.0.2",
        "math-intrinsics": "^1.1.0"
      },
      "engines": {
        "node": ">= 0.4"
      },
      "funding": {
        "url": "https://github.com/sponsors/ljharb"
      }
    },
    "node_modules/mexc-sdk/node_modules/get-port": {
      "version": "3.2.0",
      "inBundle": true,
      "license": "MIT",
      "engines": {
        "node": ">=4"
      }
    },
    "node_modules/mexc-sdk/node_modules/get-proto": {
      "version": "1.0.1",
      "inBundle": true,
      "license": "MIT",
      "dependencies": {
        "dunder-proto": "^1.0.1",
        "es-object-atoms": "^1.0.0"
      },
      "engines": {
        "node": ">= 0.4"
      }
    },
    "node_modules/mexc-sdk/node_modules/gopd": {
      "version": "1.2.0",
      "inBundle": true,
      "license": "MIT",
      "engines": {
        "node": ">= 0.4"
      },
      "funding": {
        "url": "https://github.com/sponsors/ljharb"
      }
    },
    "node_modules/mexc-sdk/node_modules/has-symbols": {
      "version": "1.1.0",
      "inBundle": true,
      "license": "MIT",
      "engines": {
        "node": ">= 0.4"
      },
      "funding": {
        "url": "https://github.com/sponsors/ljharb"
      }
    },
    "node_modules/mexc-sdk/node_modules/has-tostringtag": {
      "version": "1.0.2",
      "inBundle": true,
      "license": "MIT",
      "dependencies": {
        "has-symbols": "^1.0.3"
      },
      "engines": {
        "node": ">= 0.4"
      },
      "funding": {
        "url": "https://github.com/sponsors/ljharb"
      }
    },
    "node_modules/mexc-sdk/node_modules/hasown": {
      "version": "2.0.2",
      "inBundle": true,
      "license": "MIT",
      "dependencies": {
        "function-bind": "^1.1.2"
      },
      "engines": {
        "node": ">= 0.4"
      }
    },
    "node_modules/mexc-sdk/node_modules/http-basic": {
      "version": "8.1.3",
      "inBundle": true,
      "license": "MIT",
      "dependencies": {
        "caseless": "^0.12.0",
        "concat-stream": "^1.6.2",
        "http-response-object": "^3.0.1",
        "parse-cache-control": "^1.0.1"
      },
      "engines": {
        "node": ">=6.0.0"
      }
    },
    "node_modules/mexc-sdk/node_modules/http-response-object": {
      "version": "3.0.2",
      "inBundle": true,
      "license": "MIT",
      "dependencies": {
        "@types/node": "^10.0.3"
      }
    },
    "node_modules/mexc-sdk/node_modules/http-response-object/node_modules/@types/node": {
      "version": "10.17.60",
      "inBundle": true,
      "license": "MIT"
    },
    "node_modules/mexc-sdk/node_modules/inherits": {
      "version": "2.0.4",
      "inBundle": true,
      "license": "ISC"
    },
    "node_modules/mexc-sdk/node_modules/math-intrinsics": {
      "version": "1.1.0",
      "inBundle": true,
      "license": "MIT",
      "engines": {
        "node": ">= 0.4"
      }
    },
    "node_modules/mexc-sdk/node_modules/mime-db": {
      "version": "1.52.0",
      "inBundle": true,
      "license": "MIT",
      "engines": {
        "node": ">= 0.6"
      }
    },
    "node_modules/mexc-sdk/node_modules/mime-types": {
      "version": "2.1.35",
      "inBundle": true,
      "license": "MIT",
      "dependencies": {
        "mime-db": "1.52.0"
      },
      "engines": {
        "node": ">= 0.6"
      }
    },
    "node_modules/mexc-sdk/node_modules/object-inspect": {
      "version": "1.13.4",
      "inBundle": true,
      "license": "MIT",
      "engines": {
        "node": ">= 0.4"
      },
      "funding": {
        "url": "https://github.com/sponsors/ljharb"
      }
    },
    "node_modules/mexc-sdk/node_modules/parse-cache-control": {
      "version": "1.0.1",
      "inBundle": true
    },
    "node_modules/mexc-sdk/node_modules/process-nextick-args": {
      "version": "2.0.1",
      "inBundle": true,
      "license": "MIT"
    },
    "node_modules/mexc-sdk/node_modules/promise": {
      "version": "8.3.0",
      "inBundle": true,
      "license": "MIT",
      "dependencies": {
        "asap": "~2.0.6"
      }
    },
    "node_modules/mexc-sdk/node_modules/qs": {
      "version": "6.15.0",
      "inBundle": true,
      "license": "BSD-3-Clause",
      "dependencies": {
        "side-channel": "^1.1.0"
      },
      "engines": {
        "node": ">=0.6"
      },
      "funding": {
        "url": "https://github.com/sponsors/ljharb"
      }
    },
    "node_modules/mexc-sdk/node_modules/readable-stream": {
      "version": "2.3.8",
      "inBundle": true,
      "license": "MIT",
      "dependencies": {
        "core-util-is": "~1.0.0",
        "inherits": "~2.0.3",
        "isarray": "~1.0.0",
        "process-nextick-args": "~2.0.0",
        "safe-buffer": "~5.1.1",
        "string_decoder": "~1.1.1",
        "util-deprecate": "~1.0.1"
      }
    },
    "node_modules/mexc-sdk/node_modules/readable-stream/node_modules/isarray": {
      "version": "1.0.0",
      "inBundle": true,
      "license": "MIT"
    },
    "node_modules/mexc-sdk/node_modules/readable-stream/node_modules/safe-buffer": {
      "version": "5.1.2",
      "inBundle": true,
      "license": "MIT"
    },
    "node_modules/mexc-sdk/node_modules/safe-buffer": {
      "version": "5.2.1",
      "funding": [
        {
          "type": "github",
          "url": "https://github.com/sponsors/feross"
        },
        {
          "type": "patreon",
          "url": "https://www.patreon.com/feross"
        },
        {
          "type": "consulting",
          "url": "https://feross.org/support"
        }
      ],
      "inBundle": true,
      "license": "MIT"
    },
    "node_modules/mexc-sdk/node_modules/side-channel": {
      "version": "1.1.0",
      "inBundle": true,
      "license": "MIT",
      "dependencies": {
        "es-errors": "^1.3.0",
        "object-inspect": "^1.13.3",
        "side-channel-list": "^1.0.0",
        "side-channel-map": "^1.0.1",
        "side-channel-weakmap": "^1.0.2"
      },
      "engines": {
        "node": ">= 0.4"
      },
      "funding": {
        "url": "https://github.com/sponsors/ljharb"
      }
    },
    "node_modules/mexc-sdk/node_modules/side-channel-list": {
      "version": "1.0.0",
      "inBundle": true,
      "license": "MIT",
      "dependencies": {
        "es-errors": "^1.3.0",
        "object-inspect": "^1.13.3"
      },
      "engines": {
        "node": ">= 0.4"
      },
      "funding": {
        "url": "https://github.com/sponsors/ljharb"
      }
    },
    "node_modules/mexc-sdk/node_modules/side-channel-map": {
      "version": "1.0.1",
      "inBundle": true,
      "license": "MIT",
      "dependencies": {
        "call-bound": "^1.0.2",
        "es-errors": "^1.3.0",
        "get-intrinsic": "^1.2.5",
        "object-inspect": "^1.13.3"
      },
      "engines": {
        "node": ">= 0.4"
      },
      "funding": {
        "url": "https://github.com/sponsors/ljharb"
      }
    },
    "node_modules/mexc-sdk/node_modules/side-channel-weakmap": {
      "version": "1.0.2",
      "inBundle": true,
      "license": "MIT",
      "dependencies": {
        "call-bound": "^1.0.2",
        "es-errors": "^1.3.0",
        "get-intrinsic": "^1.2.5",
        "object-inspect": "^1.13.3",
        "side-channel-map": "^1.0.1"
      },
      "engines": {
        "node": ">= 0.4"
      },
      "funding": {
        "url": "https://github.com/sponsors/ljharb"
      }
    },
    "node_modules/mexc-sdk/node_modules/string_decoder": {
      "version": "1.1.1",
      "inBundle": true,
      "license": "MIT",
      "dependencies": {
        "safe-buffer": "~5.1.0"
      }
    },
    "node_modules/mexc-sdk/node_modules/string_decoder/node_modules/safe-buffer": {
      "version": "5.1.2",
      "inBundle": true,
      "license": "MIT"
    },
    "node_modules/mexc-sdk/node_modules/sync-request": {
      "version": "6.1.0",
      "inBundle": true,
      "license": "MIT",
      "dependencies": {
        "http-response-object": "^3.0.1",
        "sync-rpc": "^1.2.1",
        "then-request": "^6.0.0"
      },
      "engines": {
        "node": ">=8.0.0"
      }
    },
    "node_modules/mexc-sdk/node_modules/sync-rpc": {
      "version": "1.3.6",
      "inBundle": true,
      "license": "MIT",
      "dependencies": {
        "get-port": "^3.1.0"
      }
    },
    "node_modules/mexc-sdk/node_modules/then-request": {
      "version": "6.0.2",
      "inBundle": true,
      "license": "MIT",
      "dependencies": {
        "@types/concat-stream": "^1.6.0",
        "@types/form-data": "0.0.33",
        "@types/node": "^8.0.0",
        "@types/qs": "^6.2.31",
        "caseless": "~0.12.0",
        "concat-stream": "^1.6.0",
        "form-data": "^2.2.0",
        "http-basic": "^8.1.1",
        "http-response-object": "^3.0.1",
        "promise": "^8.0.0",
        "qs": "^6.4.0"
      },
      "engines": {
        "node": ">=6.0.0"
      }
    },
    "node_modules/mexc-sdk/node_modules/then-request/node_modules/@types/node": {
      "version": "8.10.66",
      "inBundle": true,
      "license": "MIT"
    },
    "node_modules/mexc-sdk/node_modules/typedarray": {
      "version": "0.0.6",
      "inBundle": true,
      "license": "MIT"
    },
    "node_modules/mexc-sdk/node_modules/util-deprecate": {
      "version": "1.0.2",
      "inBundle": true,
      "license": "MIT"
    }
  }
}
